
Microsoft Visual Studio Solution File, Format Version 12.00
# Visual Studio Version 17
VisualStudioVersion = 17.0.31903.59
MinimumVisualStudioVersion = 10.0.40219.1
Project("{2150E333-8FDC-42A3-9474-1A3956D46DE8}") = "backend-deploy", "backend-deploy", "{A1FAAD14-DFA9-46CE-B0A4-FB0F54FC84E3}"
EndProject
Project("{FAE04EC0-301F-11D3-BF4B-00C04F79EFBC}") = "backend", "backend-deploy\backend\backend.csproj", "{AAF841DB-4F66-49C1-8CDC-9FBEB4F42AA3}"
EndProject
Global
	GlobalSection(SolutionConfigurationPlatforms) = preSolution
		Debug|Any CPU = Debug|Any CPU
		Release|Any CPU = Release|Any CPU
	EndGlobalSection
	GlobalSection(SolutionProperties) = preSolution
		HideSolutionNode = FALSE
	EndGlobalSection
	GlobalSection(ProjectConfigurationPlatforms) = postSolution
		{AAF841DB-4F66-49C1-8CDC-9FBEB4F42AA3}.Debug|Any CPU.ActiveCfg = Debug|Any CPU
		{AAF841DB-4F66-49C1-8CDC-9FBEB4F42AA3}.Debug|Any CPU.Build.0 = Debug|Any CPU
		{AAF841DB-4F66-49C1-8CDC-9FBEB4F42AA3}.Release|Any CPU.ActiveCfg = Release|Any CPU
		{AAF841DB-4F66-49C1-8CDC-9FBEB4F42AA3}.Release|Any CPU.Build.0 = Release|Any CPU
	EndGlobalSection
	GlobalSection(NestedProjects) = preSolution
		{AAF841DB-4F66-49C1-8CDC-9FBEB4F42AA3} = {A1FAAD14-DFA9-46CE-B0A4-FB0F54FC84E3}
	EndGlobalSection
EndGlobal
